
Microsoft Visual Studio Solution File, Format Version 12.00
Project("{FAE04EC0-301F-11D3-BF4B-00C04F79EFBC}") = "AuthService.Domain", "src\AuthService.Domain\AuthService.Domain.csproj", "{7E8C26A8-203F-4607-90AD-F2A3206FB0AF}"
EndProject
Project("{FAE04EC0-301F-11D3-BF4B-00C04F79EFBC}") = "AuthService.Infrastructure", "src\AuthService.Infrastructure\AuthService.Infrastructure.csproj", "{678A23F3-F0B2-4BA4-B715-B2D848CB5B89}"
EndProject
Project("{FAE04EC0-301F-11D3-BF4B-00C04F79EFBC}") = "AuthService.Application", "src\AuthService.Application\AuthService.Application.csproj", "{823BB792-6421-4E14-80C4-2D3EAD6CDDA1}"
EndProject
Project("{FAE04EC0-301F-11D3-BF4B-00C04F79EFBC}") = "AuthService.WebApi", "src\AuthService.WebApi\AuthService.WebApi.csproj", "{34E19A5D-127E-43E8-B84D-5DA6E82EFB60}"
EndProject
Global
	GlobalSection(SolutionConfigurationPlatforms) = preSolution
		Debug|Any CPU = Debug|Any CPU
		Release|Any CPU = Release|Any CPU
	EndGlobalSection
	GlobalSection(ProjectConfigurationPlatforms) = postSolution
		{7E8C26A8-203F-4607-90AD-F2A3206FB0AF}.Debug|Any CPU.ActiveCfg = Debug|Any CPU
		{7E8C26A8-203F-4607-90AD-F2A3206FB0AF}.Debug|Any CPU.Build.0 = Debug|Any CPU
		{7E8C26A8-203F-4607-90AD-F2A3206FB0AF}.Release|Any CPU.ActiveCfg = Release|Any CPU
		{7E8C26A8-203F-4607-90AD-F2A3206FB0AF}.Release|Any CPU.Build.0 = Release|Any CPU
		{678A23F3-F0B2-4BA4-B715-B2D848CB5B89}.Debug|Any CPU.ActiveCfg = Debug|Any CPU
		{678A23F3-F0B2-4BA4-B715-B2D848CB5B89}.Debug|Any CPU.Build.0 = Debug|Any CPU
		{678A23F3-F0B2-4BA4-B715-B2D848CB5B89}.Release|Any CPU.ActiveCfg = Release|Any CPU
		{678A23F3-F0B2-4BA4-B715-B2D848CB5B89}.Release|Any CPU.Build.0 = Release|Any CPU
		{823BB792-6421-4E14-80C4-2D3EAD6CDDA1}.Debug|Any CPU.ActiveCfg = Debug|Any CPU
		{823BB792-6421-4E14-80C4-2D3EAD6CDDA1}.Debug|Any CPU.Build.0 = Debug|Any CPU
		{823BB792-6421-4E14-80C4-2D3EAD6CDDA1}.Release|Any CPU.ActiveCfg = Release|Any CPU
		{823BB792-6421-4E14-80C4-2D3EAD6CDDA1}.Release|Any CPU.Build.0 = Release|Any CPU
		{34E19A5D-127E-43E8-B84D-5DA6E82EFB60}.Debug|Any CPU.ActiveCfg = Debug|Any CPU
		{34E19A5D-127E-43E8-B84D-5DA6E82EFB60}.Debug|Any CPU.Build.0 = Debug|Any CPU
		{34E19A5D-127E-43E8-B84D-5DA6E82EFB60}.Release|Any CPU.ActiveCfg = Release|Any CPU
		{34E19A5D-127E-43E8-B84D-5DA6E82EFB60}.Release|Any CPU.Build.0 = Release|Any CPU
	EndGlobalSection
EndGlobal
